// !$*UTF8*$!
{
	archiveVersion = 1;
	classes = {
	};
	objectVersion = 56;
	objects = {

/* Begin PBXBuildFile section */
		1548AA6F29BFE5A200E9355E /* TouchdownAppApp.swift in Sources */ = {isa = PBXBuildFile; fileRef = 1548AA6E29BFE5A200E9355E /* TouchdownAppApp.swift */; };
		1548AA7129BFE5A200E9355E /* ContentView.swift in Sources */ = {isa = PBXBuildFile; fileRef = 1548AA7029BFE5A200E9355E /* ContentView.swift */; };
		1548AA7329BFE5A500E9355E /* Assets.xcassets in Resources */ = {isa = PBXBuildFile; fileRef = 1548AA7229BFE5A500E9355E /* Assets.xcassets */; };
		1548AA7629BFE5A500E9355E /* Preview Assets.xcassets in Resources */ = {isa = PBXBuildFile; fileRef = 1548AA7529BFE5A500E9355E /* Preview Assets.xcassets */; };
		1548AA8C29BFE6A300E9355E /* player.json in Resources */ = {isa = PBXBuildFile; fileRef = 1548AA8829BFE6A300E9355E /* player.json */; };
		1548AA8D29BFE6A300E9355E /* brand.json in Resources */ = {isa = PBXBuildFile; fileRef = 1548AA8929BFE6A300E9355E /* brand.json */; };
		1548AA8E29BFE6A300E9355E /* category.json in Resources */ = {isa = PBXBuildFile; fileRef = 1548AA8A29BFE6A300E9355E /* category.json */; };
		1548AA8F29BFE6A300E9355E /* product.json in Resources */ = {isa = PBXBuildFile; fileRef = 1548AA8B29BFE6A300E9355E /* product.json */; };
		1548AA9B29BFE7DD00E9355E /* Constants.swift in Sources */ = {isa = PBXBuildFile; fileRef = 1548AA9A29BFE7DD00E9355E /* Constants.swift */; };
		1548AA9D29BFE8A000E9355E /* FooterView.swift in Sources */ = {isa = PBXBuildFile; fileRef = 1548AA9C29BFE8A000E9355E /* FooterView.swift */; };
		1548AA9F29BFEBD700E9355E /* NavigationBarView.swift in Sources */ = {isa = PBXBuildFile; fileRef = 1548AA9E29BFEBD700E9355E /* NavigationBarView.swift */; };
		1548AAA129BFFE4F00E9355E /* LogoView.swift in Sources */ = {isa = PBXBuildFile; fileRef = 1548AAA029BFFE4F00E9355E /* LogoView.swift */; };
		1548AAA329C0B9E300E9355E /* PlayerModel.swift in Sources */ = {isa = PBXBuildFile; fileRef = 1548AAA229C0B9E300E9355E /* PlayerModel.swift */; };
		1548AAA529C0BA2500E9355E /* CodableBundleExtension.swift in Sources */ = {isa = PBXBuildFile; fileRef = 1548AAA429C0BA2500E9355E /* CodableBundleExtension.swift */; };
		1548AAA729C0BBDF00E9355E /* FeaturedItemView.swift in Sources */ = {isa = PBXBuildFile; fileRef = 1548AAA629C0BBDF00E9355E /* FeaturedItemView.swift */; };
		1548AAA929C0BC6900E9355E /* FeaturedView.swift in Sources */ = {isa = PBXBuildFile; fileRef = 1548AAA829C0BC6900E9355E /* FeaturedView.swift */; };
		1548AAAB29C0C02900E9355E /* CategoryModel.swift in Sources */ = {isa = PBXBuildFile; fileRef = 1548AAAA29C0C02900E9355E /* CategoryModel.swift */; };
		1548AAAD29C0C13A00E9355E /* CategoryItemView.swift in Sources */ = {isa = PBXBuildFile; fileRef = 1548AAAC29C0C13A00E9355E /* CategoryItemView.swift */; };
		1548AAAF29C0C30100E9355E /* CategoryGridView.swift in Sources */ = {isa = PBXBuildFile; fileRef = 1548AAAE29C0C30100E9355E /* CategoryGridView.swift */; };
		1548AAB129C0C46700E9355E /* SectionView.swift in Sources */ = {isa = PBXBuildFile; fileRef = 1548AAB029C0C46700E9355E /* SectionView.swift */; };
		1548AAB329C0D47A00E9355E /* TitleView.swift in Sources */ = {isa = PBXBuildFile; fileRef = 1548AAB229C0D47A00E9355E /* TitleView.swift */; };
		1548AAB529C0D56C00E9355E /* ProductModel.swift in Sources */ = {isa = PBXBuildFile; fileRef = 1548AAB429C0D56C00E9355E /* ProductModel.swift */; };
		1548AAB729C0D5DF00E9355E /* ProductItem.swift in Sources */ = {isa = PBXBuildFile; fileRef = 1548AAB629C0D5DF00E9355E /* ProductItem.swift */; };
		1548AAB929C0D85300E9355E /* BrandModel.swift in Sources */ = {isa = PBXBuildFile; fileRef = 1548AAB829C0D85300E9355E /* BrandModel.swift */; };
		1548AABB29C0D8A000E9355E /* BrandItemView.swift in Sources */ = {isa = PBXBuildFile; fileRef = 1548AABA29C0D8A000E9355E /* BrandItemView.swift */; };
		1548AABD29C0D93C00E9355E /* BrandGridView.swift in Sources */ = {isa = PBXBuildFile; fileRef = 1548AABC29C0D93C00E9355E /* BrandGridView.swift */; };
		1548AABF29C0DA4D00E9355E /* ProductDetailView.swift in Sources */ = {isa = PBXBuildFile; fileRef = 1548AABE29C0DA4D00E9355E /* ProductDetailView.swift */; };
		1548AAC129C0DF2A00E9355E /* NavigationBarDetailView.swift in Sources */ = {isa = PBXBuildFile; fileRef = 1548AAC029C0DF2A00E9355E /* NavigationBarDetailView.swift */; };
		1548AAC329C0EA0300E9355E /* UtilFunctions.swift in Sources */ = {isa = PBXBuildFile; fileRef = 1548AAC229C0EA0300E9355E /* UtilFunctions.swift */; };
		1548AAC529C0EAC800E9355E /* HeaderDetailView.swift in Sources */ = {isa = PBXBuildFile; fileRef = 1548AAC429C0EAC800E9355E /* HeaderDetailView.swift */; };
		1548AAC729C0EE9700E9355E /* TopPartDetailView.swift in Sources */ = {isa = PBXBuildFile; fileRef = 1548AAC629C0EE9700E9355E /* TopPartDetailView.swift */; };
		1548AACB29C1175500E9355E /* CustomShape.swift in Sources */ = {isa = PBXBuildFile; fileRef = 1548AACA29C1175500E9355E /* CustomShape.swift */; };
		1548AACD29C1192500E9355E /* RatingSizesDetailView.swift in Sources */ = {isa = PBXBuildFile; fileRef = 1548AACC29C1192500E9355E /* RatingSizesDetailView.swift */; };
		1548AACF29C11C3700E9355E /* QuantityFavDetailView.swift in Sources */ = {isa = PBXBuildFile; fileRef = 1548AACE29C11C3700E9355E /* QuantityFavDetailView.swift */; };
		1548AAD129C11DDC00E9355E /* AddToCartDetailView.swift in Sources */ = {isa = PBXBuildFile; fileRef = 1548AAD029C11DDC00E9355E /* AddToCartDetailView.swift */; };
/* End PBXBuildFile section */

/* Begin PBXFileReference section */
		1548AA6B29BFE5A200E9355E /* TouchdownApp.app */ = {isa = PBXFileReference; explicitFileType = wrapper.application; includeInIndex = 0; path = TouchdownApp.app; sourceTree = BUILT_PRODUCTS_DIR; };
		1548AA6E29BFE5A200E9355E /* TouchdownAppApp.swift */ = {isa = PBXFileReference; lastKnownFileType = sourcecode.swift; path = TouchdownAppApp.swift; sourceTree = "<group>"; };
		1548AA7029BFE5A200E9355E /* ContentView.swift */ = {isa = PBXFileReference; lastKnownFileType = sourcecode.swift; path = ContentView.swift; sourceTree = "<group>"; };
		1548AA7229BFE5A500E9355E /* Assets.xcassets */ = {isa = PBXFileReference; lastKnownFileType = folder.assetcatalog; path = Assets.xcassets; sourceTree = "<group>"; };
		1548AA7529BFE5A500E9355E /* Preview Assets.xcassets */ = {isa = PBXFileReference; lastKnownFileType = folder.assetcatalog; path = "Preview Assets.xcassets"; sourceTree = "<group>"; };
		1548AA8829BFE6A300E9355E /* player.json */ = {isa = PBXFileReference; fileEncoding = 4; lastKnownFileType = text.json; path = player.json; sourceTree = "<group>"; };
		1548AA8929BFE6A300E9355E /* brand.json */ = {isa = PBXFileReference; fileEncoding = 4; lastKnownFileType = text.json; path = brand.json; sourceTree = "<group>"; };
		1548AA8A29BFE6A300E9355E /* category.json */ = {isa = PBXFileReference; fileEncoding = 4; lastKnownFileType = text.json; path = category.json; sourceTree = "<group>"; };
		1548AA8B29BFE6A300E9355E /* product.json */ = {isa = PBXFileReference; fileEncoding = 4; lastKnownFileType = text.json; path = product.json; sourceTree = "<group>"; };
		1548AA9129BFE71200E9355E /* Info.plist */ = {isa = PBXFileReference; lastKnownFileType = text.plist; path = Info.plist; sourceTree = "<group>"; };
		1548AA9A29BFE7DD00E9355E /* Constants.swift */ = {isa = PBXFileReference; lastKnownFileType = sourcecode.swift; path = Constants.swift; sourceTree = "<group>"; };
		1548AA9C29BFE8A000E9355E /* FooterView.swift */ = {isa = PBXFileReference; lastKnownFileType = sourcecode.swift; path = FooterView.swift; sourceTree = "<group>"; };
		1548AA9E29BFEBD700E9355E /* NavigationBarView.swift */ = {isa = PBXFileReference; lastKnownFileType = sourcecode.swift; path = NavigationBarView.swift; sourceTree = "<group>"; };
		1548AAA029BFFE4F00E9355E /* LogoView.swift */ = {isa = PBXFileReference; lastKnownFileType = sourcecode.swift; path = LogoView.swift; sourceTree = "<group>"; };
		1548AAA229C0B9E300E9355E /* PlayerModel.swift */ = {isa = PBXFileReference; lastKnownFileType = sourcecode.swift; path = PlayerModel.swift; sourceTree = "<group>"; };
		1548AAA429C0BA2500E9355E /* CodableBundleExtension.swift */ = {isa = PBXFileReference; lastKnownFileType = sourcecode.swift; path = CodableBundleExtension.swift; sourceTree = "<group>"; };
		1548AAA629C0BBDF00E9355E /* FeaturedItemView.swift */ = {isa = PBXFileReference; lastKnownFileType = sourcecode.swift; path = FeaturedItemView.swift; sourceTree = "<group>"; };
		1548AAA829C0BC6900E9355E /* FeaturedView.swift */ = {isa = PBXFileReference; lastKnownFileType = sourcecode.swift; path = FeaturedView.swift; sourceTree = "<group>"; };
		1548AAAA29C0C02900E9355E /* CategoryModel.swift */ = {isa = PBXFileReference; lastKnownFileType = sourcecode.swift; path = CategoryModel.swift; sourceTree = "<group>"; };
		1548AAAC29C0C13A00E9355E /* CategoryItemView.swift */ = {isa = PBXFileReference; lastKnownFileType = sourcecode.swift; path = CategoryItemView.swift; sourceTree = "<group>"; };
		1548AAAE29C0C30100E9355E /* CategoryGridView.swift */ = {isa = PBXFileReference; lastKnownFileType = sourcecode.swift; path = CategoryGridView.swift; sourceTree = "<group>"; };
		1548AAB029C0C46700E9355E /* SectionView.swift */ = {isa = PBXFileReference; lastKnownFileType = sourcecode.swift; path = SectionView.swift; sourceTree = "<group>"; };
		1548AAB229C0D47A00E9355E /* TitleView.swift */ = {isa = PBXFileReference; lastKnownFileType = sourcecode.swift; path = TitleView.swift; sourceTree = "<group>"; };
		1548AAB429C0D56C00E9355E /* ProductModel.swift */ = {isa = PBXFileReference; lastKnownFileType = sourcecode.swift; path = ProductModel.swift; sourceTree = "<group>"; };
		1548AAB629C0D5DF00E9355E /* ProductItem.swift */ = {isa = PBXFileReference; lastKnownFileType = sourcecode.swift; path = ProductItem.swift; sourceTree = "<group>"; };
		1548AAB829C0D85300E9355E /* BrandModel.swift */ = {isa = PBXFileReference; lastKnownFileType = sourcecode.swift; path = BrandModel.swift; sourceTree = "<group>"; };
		1548AABA29C0D8A000E9355E /* BrandItemView.swift */ = {isa = PBXFileReference; lastKnownFileType = sourcecode.swift; path = BrandItemView.swift; sourceTree = "<group>"; };
		1548AABC29C0D93C00E9355E /* BrandGridView.swift */ = {isa = PBXFileReference; lastKnownFileType = sourcecode.swift; path = BrandGridView.swift; sourceTree = "<group>"; };
		1548AABE29C0DA4D00E9355E /* ProductDetailView.swift */ = {isa = PBXFileReference; lastKnownFileType = sourcecode.swift; path = ProductDetailView.swift; sourceTree = "<group>"; };
		1548AAC029C0DF2A00E9355E /* NavigationBarDetailView.swift */ = {isa = PBXFileReference; lastKnownFileType = sourcecode.swift; path = NavigationBarDetailView.swift; sourceTree = "<group>"; };
		1548AAC229C0EA0300E9355E /* UtilFunctions.swift */ = {isa = PBXFileReference; lastKnownFileType = sourcecode.swift; path = UtilFunctions.swift; sourceTree = "<group>"; };
		1548AAC429C0EAC800E9355E /* HeaderDetailView.swift */ = {isa = PBXFileReference; lastKnownFileType = sourcecode.swift; path = HeaderDetailView.swift; sourceTree = "<group>"; };
		1548AAC629C0EE9700E9355E /* TopPartDetailView.swift */ = {isa = PBXFileReference; lastKnownFileType = sourcecode.swift; path = TopPartDetailView.swift; sourceTree = "<group>"; };
		1548AACA29C1175500E9355E /* CustomShape.swift */ = {isa = PBXFileReference; lastKnownFileType = sourcecode.swift; path = CustomShape.swift; sourceTree = "<group>"; };
		1548AACC29C1192500E9355E /* RatingSizesDetailView.swift */ = {isa = PBXFileReference; lastKnownFileType = sourcecode.swift; path = RatingSizesDetailView.swift; sourceTree = "<group>"; };
		1548AACE29C11C3700E9355E /* QuantityFavDetailView.swift */ = {isa = PBXFileReference; lastKnownFileType = sourcecode.swift; path = QuantityFavDetailView.swift; sourceTree = "<group>"; };
		1548AAD029C11DDC00E9355E /* AddToCartDetailView.swift */ = {isa = PBXFileReference; lastKnownFileType = sourcecode.swift; path = AddToCartDetailView.swift; sourceTree = "<group>"; };
/* End PBXFileReference section */

/* Begin PBXFrameworksBuildPhase section */
		1548AA6829BFE5A200E9355E /* Frameworks */ = {
			isa = PBXFrameworksBuildPhase;
			buildActionMask = 2147483647;
			files = (
			);
			runOnlyForDeploymentPostprocessing = 0;
		};
/* End PBXFrameworksBuildPhase section */

/* Begin PBXGroup section */
		1548AA6229BFE5A200E9355E = {
			isa = PBXGroup;
			children = (
				1548AA6D29BFE5A200E9355E /* TouchdownApp */,
				1548AA6C29BFE5A200E9355E /* Products */,
			);
			sourceTree = "<group>";
		};
		1548AA6C29BFE5A200E9355E /* Products */ = {
			isa = PBXGroup;
			children = (
				1548AA6B29BFE5A200E9355E /* TouchdownApp.app */,
			);
			name = Products;
			sourceTree = "<group>";
		};
		1548AA6D29BFE5A200E9355E /* TouchdownApp */ = {
			isa = PBXGroup;
			children = (
				1548AA9229BFE78500E9355E /* App */,
				1548AA9729BFE7AE00E9355E /* Model */,
				1548AA9029BFE6C300E9355E /* Data */,
				1548AA9329BFE78C00E9355E /* View */,
				1548AA9929BFE7BB00E9355E /* Utilities */,
				1548AA9829BFE7B400E9355E /* Extension */,
				1548AA9129BFE71200E9355E /* Info.plist */,
				1548AA7429BFE5A500E9355E /* Preview Content */,
				1548AA7229BFE5A500E9355E /* Assets.xcassets */,
			);
			path = TouchdownApp;
			sourceTree = "<group>";
		};
		1548AA7429BFE5A500E9355E /* Preview Content */ = {
			isa = PBXGroup;
			children = (
				1548AA7529BFE5A500E9355E /* Preview Assets.xcassets */,
			);
			path = "Preview Content";
			sourceTree = "<group>";
		};
		1548AA9029BFE6C300E9355E /* Data */ = {
			isa = PBXGroup;
			children = (
				1548AA8929BFE6A300E9355E /* brand.json */,
				1548AA8A29BFE6A300E9355E /* category.json */,
				1548AA8829BFE6A300E9355E /* player.json */,
				1548AA8B29BFE6A300E9355E /* product.json */,
			);
			path = Data;
			sourceTree = "<group>";
		};
		1548AA9229BFE78500E9355E /* App */ = {
			isa = PBXGroup;
			children = (
				1548AA6E29BFE5A200E9355E /* TouchdownAppApp.swift */,
				1548AA7029BFE5A200E9355E /* ContentView.swift */,
				1548AABE29C0DA4D00E9355E /* ProductDetailView.swift */,
			);
			path = App;
			sourceTree = "<group>";
		};
		1548AA9329BFE78C00E9355E /* View */ = {
			isa = PBXGroup;
			children = (
				1548AA9529BFE79A00E9355E /* Home */,
				1548AA9629BFE7A300E9355E /* Detail */,
			);
			path = View;
			sourceTree = "<group>";
		};
		1548AA9529BFE79A00E9355E /* Home */ = {
			isa = PBXGroup;
			children = (
				1548AA9C29BFE8A000E9355E /* FooterView.swift */,
				1548AA9E29BFEBD700E9355E /* NavigationBarView.swift */,
				1548AAA029BFFE4F00E9355E /* LogoView.swift */,
				1548AAA629C0BBDF00E9355E /* FeaturedItemView.swift */,
				1548AAA829C0BC6900E9355E /* FeaturedView.swift */,
				1548AAAC29C0C13A00E9355E /* CategoryItemView.swift */,
				1548AAAE29C0C30100E9355E /* CategoryGridView.swift */,
				1548AAB029C0C46700E9355E /* SectionView.swift */,
				1548AAB229C0D47A00E9355E /* TitleView.swift */,
				1548AAB629C0D5DF00E9355E /* ProductItem.swift */,
				1548AABA29C0D8A000E9355E /* BrandItemView.swift */,
				1548AABC29C0D93C00E9355E /* BrandGridView.swift */,
			);
			path = Home;
			sourceTree = "<group>";
		};
		1548AA9629BFE7A300E9355E /* Detail */ = {
			isa = PBXGroup;
			children = (
				1548AAC029C0DF2A00E9355E /* NavigationBarDetailView.swift */,
				1548AAC429C0EAC800E9355E /* HeaderDetailView.swift */,
				1548AAC629C0EE9700E9355E /* TopPartDetailView.swift */,
				1548AACC29C1192500E9355E /* RatingSizesDetailView.swift */,
				1548AACE29C11C3700E9355E /* QuantityFavDetailView.swift */,
				1548AAD029C11DDC00E9355E /* AddToCartDetailView.swift */,
			);
			path = Detail;
			sourceTree = "<group>";
		};
		1548AA9729BFE7AE00E9355E /* Model */ = {
			isa = PBXGroup;
			children = (
				1548AAA229C0B9E300E9355E /* PlayerModel.swift */,
				1548AAAA29C0C02900E9355E /* CategoryModel.swift */,
				1548AAB429C0D56C00E9355E /* ProductModel.swift */,
				1548AAB829C0D85300E9355E /* BrandModel.swift */,
			);
			path = Model;
			sourceTree = "<group>";
		};
		1548AA9829BFE7B400E9355E /* Extension */ = {
			isa = PBXGroup;
			children = (
				1548AAA429C0BA2500E9355E /* CodableBundleExtension.swift */,
			);
			path = Extension;
			sourceTree = "<group>";
		};
		1548AA9929BFE7BB00E9355E /* Utilities */ = {
			isa = PBXGroup;
			children = (
				1548AA9A29BFE7DD00E9355E /* Constants.swift */,
				1548AAC229C0EA0300E9355E /* UtilFunctions.swift */,
				1548AACA29C1175500E9355E /* CustomShape.swift */,
			);
			path = Utilities;
			sourceTree = "<group>";
		};
/* End PBXGroup section */

/* Begin PBXNativeTarget section */
		1548AA6A29BFE5A200E9355E /* TouchdownApp */ = {
			isa = PBXNativeTarget;
			buildConfigurationList = 1548AA7929BFE5A500E9355E /* Build configuration list for PBXNativeTarget "TouchdownApp" */;
			buildPhases = (
				1548AA6729BFE5A200E9355E /* Sources */,
				1548AA6829BFE5A200E9355E /* Frameworks */,
				1548AA6929BFE5A200E9355E /* Resources */,
			);
			buildRules = (
			);
			dependencies = (
			);
			name = TouchdownApp;
			productName = TouchdownApp;
			productReference = 1548AA6B29BFE5A200E9355E /* TouchdownApp.app */;
			productType = "com.apple.product-type.application";
		};
/* End PBXNativeTarget section */

/* Begin PBXProject section */
		1548AA6329BFE5A200E9355E /* Project object */ = {
			isa = PBXProject;
			attributes = {
				BuildIndependentTargetsInParallel = 1;
				LastSwiftUpdateCheck = 1420;
				LastUpgradeCheck = 1420;
				TargetAttributes = {
					1548AA6A29BFE5A200E9355E = {
						CreatedOnToolsVersion = 14.2;
					};
				};
			};
			buildConfigurationList = 1548AA6629BFE5A200E9355E /* Build configuration list for PBXProject "TouchdownApp" */;
			compatibilityVersion = "Xcode 14.0";
			developmentRegion = en;
			hasScannedForEncodings = 0;
			knownRegions = (
				en,
				Base,
			);
			mainGroup = 1548AA6229BFE5A200E9355E;
			productRefGroup = 1548AA6C29BFE5A200E9355E /* Products */;
			projectDirPath = "";
			projectRoot = "";
			targets = (
				1548AA6A29BFE5A200E9355E /* TouchdownApp */,
			);
		};
/* End PBXProject section */

/* Begin PBXResourcesBuildPhase section */
		1548AA6929BFE5A200E9355E /* Resources */ = {
			isa = PBXResourcesBuildPhase;
			buildActionMask = 2147483647;
			files = (
				1548AA8C29BFE6A300E9355E /* player.json in Resources */,
				1548AA8D29BFE6A300E9355E /* brand.json in Resources */,
				1548AA8E29BFE6A300E9355E /* category.json in Resources */,
				1548AA7629BFE5A500E9355E /* Preview Assets.xcassets in Resources */,
				1548AA7329BFE5A500E9355E /* Assets.xcassets in Resources */,
				1548AA8F29BFE6A300E9355E /* product.json in Resources */,
			);
			runOnlyForDeploymentPostprocessing = 0;
		};
/* End PBXResourcesBuildPhase section */

/* Begin PBXSourcesBuildPhase section */
		1548AA6729BFE5A200E9355E /* Sources */ = {
			isa = PBXSourcesBuildPhase;
			buildActionMask = 2147483647;
			files = (
				1548AAA929C0BC6900E9355E /* FeaturedView.swift in Sources */,
				1548AA7129BFE5A200E9355E /* ContentView.swift in Sources */,
				1548AAB729C0D5DF00E9355E /* ProductItem.swift in Sources */,
				1548AAA129BFFE4F00E9355E /* LogoView.swift in Sources */,
				1548AA9D29BFE8A000E9355E /* FooterView.swift in Sources */,
				1548AA9B29BFE7DD00E9355E /* Constants.swift in Sources */,
				1548AABD29C0D93C00E9355E /* BrandGridView.swift in Sources */,
				1548AAA729C0BBDF00E9355E /* FeaturedItemView.swift in Sources */,
				1548AAC529C0EAC800E9355E /* HeaderDetailView.swift in Sources */,
				1548AAC729C0EE9700E9355E /* TopPartDetailView.swift in Sources */,
				1548AAD129C11DDC00E9355E /* AddToCartDetailView.swift in Sources */,
				1548AABF29C0DA4D00E9355E /* ProductDetailView.swift in Sources */,
				1548AAC129C0DF2A00E9355E /* NavigationBarDetailView.swift in Sources */,
				1548AACB29C1175500E9355E /* CustomShape.swift in Sources */,
				1548AA6F29BFE5A200E9355E /* TouchdownAppApp.swift in Sources */,
				1548AAAF29C0C30100E9355E /* CategoryGridView.swift in Sources */,
				1548AAC329C0EA0300E9355E /* UtilFunctions.swift in Sources */,
				1548AACF29C11C3700E9355E /* QuantityFavDetailView.swift in Sources */,
				1548AAAB29C0C02900E9355E /* CategoryModel.swift in Sources */,
				1548AAA529C0BA2500E9355E /* CodableBundleExtension.swift in Sources */,
				1548AACD29C1192500E9355E /* RatingSizesDetailView.swift in Sources */,
				1548AAB129C0C46700E9355E /* SectionView.swift in Sources */,
				1548AABB29C0D8A000E9355E /* BrandItemView.swift in Sources */,
				1548AAAD29C0C13A00E9355E /* CategoryItemView.swift in Sources */,
				1548AA9F29BFEBD700E9355E /* NavigationBarView.swift in Sources */,
				1548AAA329C0B9E300E9355E /* PlayerModel.swift in Sources */,
				1548AAB929C0D85300E9355E /* BrandModel.swift in Sources */,
				1548AAB329C0D47A00E9355E /* TitleView.swift in Sources */,
				1548AAB529C0D56C00E9355E /* ProductModel.swift in Sources */,
			);
			runOnlyForDeploymentPostprocessing = 0;
		};
/* End PBXSourcesBuildPhase section */

/* Begin XCBuildConfiguration section */
		1548AA7729BFE5A500E9355E /* Debug */ = {
			isa = XCBuildConfiguration;
			buildSettings = {
				ALWAYS_SEARCH_USER_PATHS = NO;
				CLANG_ANALYZER_NONNULL = YES;
				CLANG_ANALYZER_NUMBER_OBJECT_CONVERSION = YES_AGGRESSIVE;
				CLANG_CXX_LANGUAGE_STANDARD = "gnu++20";
				CLANG_ENABLE_MODULES = YES;
				CLANG_ENABLE_OBJC_ARC = YES;
				CLANG_ENABLE_OBJC_WEAK = YES;
				CLANG_WARN_BLOCK_CAPTURE_AUTORELEASING = YES;
				CLANG_WARN_BOOL_CONVERSION = YES;
				CLANG_WARN_COMMA = YES;
				CLANG_WARN_CONSTANT_CONVERSION = YES;
				CLANG_WARN_DEPRECATED_OBJC_IMPLEMENTATIONS = YES;
				CLANG_WARN_DIRECT_OBJC_ISA_USAGE = YES_ERROR;
				CLANG_WARN_DOCUMENTATION_COMMENTS = YES;
				CLANG_WARN_EMPTY_BODY = YES;
				CLANG_WARN_ENUM_CONVERSION = YES;
				CLANG_WARN_INFINITE_RECURSION = YES;
				CLANG_WARN_INT_CONVERSION = YES;
				CLANG_WARN_NON_LITERAL_NULL_CONVERSION = YES;
				CLANG_WARN_OBJC_IMPLICIT_RETAIN_SELF = YES;
				CLANG_WARN_OBJC_LITERAL_CONVERSION = YES;
				CLANG_WARN_OBJC_ROOT_CLASS = YES_ERROR;
				CLANG_WARN_QUOTED_INCLUDE_IN_FRAMEWORK_HEADER = YES;
				CLANG_WARN_RANGE_LOOP_ANALYSIS = YES;
				CLANG_WARN_STRICT_PROTOTYPES = YES;
				CLANG_WARN_SUSPICIOUS_MOVE = YES;
				CLANG_WARN_UNGUARDED_AVAILABILITY = YES_AGGRESSIVE;
				CLANG_WARN_UNREACHABLE_CODE = YES;
				CLANG_WARN__DUPLICATE_METHOD_MATCH = YES;
				COPY_PHASE_STRIP = NO;
				DEBUG_INFORMATION_FORMAT = dwarf;
				ENABLE_STRICT_OBJC_MSGSEND = YES;
				ENABLE_TESTABILITY = YES;
				GCC_C_LANGUAGE_STANDARD = gnu11;
				GCC_DYNAMIC_NO_PIC = NO;
				GCC_NO_COMMON_BLOCKS = YES;
				GCC_OPTIMIZATION_LEVEL = 0;
				GCC_PREPROCESSOR_DEFINITIONS = (
					"DEBUG=1",
					"$(inherited)",
				);
				GCC_WARN_64_TO_32_BIT_CONVERSION = YES;
				GCC_WARN_ABOUT_RETURN_TYPE = YES_ERROR;
				GCC_WARN_UNDECLARED_SELECTOR = YES;
				GCC_WARN_UNINITIALIZED_AUTOS = YES_AGGRESSIVE;
				GCC_WARN_UNUSED_FUNCTION = YES;
				GCC_WARN_UNUSED_VARIABLE = YES;
				IPHONEOS_DEPLOYMENT_TARGET = 16.2;
				MTL_ENABLE_DEBUG_INFO = INCLUDE_SOURCE;
				MTL_FAST_MATH = YES;
				ONLY_ACTIVE_ARCH = YES;
				SDKROOT = iphoneos;
				SWIFT_ACTIVE_COMPILATION_CONDITIONS = DEBUG;
				SWIFT_OPTIMIZATION_LEVEL = "-Onone";
			};
			name = Debug;
		};
		1548AA7829BFE5A500E9355E /* Release */ = {
			isa = XCBuildConfiguration;
			buildSettings = {
				ALWAYS_SEARCH_USER_PATHS = NO;
				CLANG_ANALYZER_NONNULL = YES;
				CLANG_ANALYZER_NUMBER_OBJECT_CONVERSION = YES_AGGRESSIVE;
				CLANG_CXX_LANGUAGE_STANDARD = "gnu++20";
				CLANG_ENABLE_MODULES = YES;
				CLANG_ENABLE_OBJC_ARC = YES;
				CLANG_ENABLE_OBJC_WEAK = YES;
				CLANG_WARN_BLOCK_CAPTURE_AUTORELEASING = YES;
				CLANG_WARN_BOOL_CONVERSION = YES;
				CLANG_WARN_COMMA = YES;
				CLANG_WARN_CONSTANT_CONVERSION = YES;
				CLANG_WARN_DEPRECATED_OBJC_IMPLEMENTATIONS = YES;
				CLANG_WARN_DIRECT_OBJC_ISA_USAGE = YES_ERROR;
				CLANG_WARN_DOCUMENTATION_COMMENTS = YES;
				CLANG_WARN_EMPTY_BODY = YES;
				CLANG_WARN_ENUM_CONVERSION = YES;
				CLANG_WARN_INFINITE_RECURSION = YES;
				CLANG_WARN_INT_CONVERSION = YES;
				CLANG_WARN_NON_LITERAL_NULL_CONVERSION = YES;
				CLANG_WARN_OBJC_IMPLICIT_RETAIN_SELF = YES;
				CLANG_WARN_OBJC_LITERAL_CONVERSION = YES;
				CLANG_WARN_OBJC_ROOT_CLASS = YES_ERROR;
				CLANG_WARN_QUOTED_INCLUDE_IN_FRAMEWORK_HEADER = YES;
				CLANG_WARN_RANGE_LOOP_ANALYSIS = YES;
				CLANG_WARN_STRICT_PROTOTYPES = YES;
				CLANG_WARN_SUSPICIOUS_MOVE = YES;
				CLANG_WARN_UNGUARDED_AVAILABILITY = YES_AGGRESSIVE;
				CLANG_WARN_UNREACHABLE_CODE = YES;
				CLANG_WARN__DUPLICATE_METHOD_MATCH = YES;
				COPY_PHASE_STRIP = NO;
				DEBUG_INFORMATION_FORMAT = "dwarf-with-dsym";
				ENABLE_NS_ASSERTIONS = NO;
				ENABLE_STRICT_OBJC_MSGSEND = YES;
				GCC_C_LANGUAGE_STANDARD = gnu11;
				GCC_NO_COMMON_BLOCKS = YES;
				GCC_WARN_64_TO_32_BIT_CONVERSION = YES;
				GCC_WARN_ABOUT_RETURN_TYPE = YES_ERROR;
				GCC_WARN_UNDECLARED_SELECTOR = YES;
				GCC_WARN_UNINITIALIZED_AUTOS = YES_AGGRESSIVE;
				GCC_WARN_UNUSED_FUNCTION = YES;
				GCC_WARN_UNUSED_VARIABLE = YES;
				IPHONEOS_DEPLOYMENT_TARGET = 16.2;
				MTL_ENABLE_DEBUG_INFO = NO;
				MTL_FAST_MATH = YES;
				SDKROOT = iphoneos;
				SWIFT_COMPILATION_MODE = wholemodule;
				SWIFT_OPTIMIZATION_LEVEL = "-O";
				VALIDATE_PRODUCT = YES;
			};
			name = Release;
		};
		1548AA7A29BFE5A500E9355E /* Debug */ = {
			isa = XCBuildConfiguration;
			buildSettings = {
				ASSETCATALOG_COMPILER_APPICON_NAME = AppIcon;
				ASSETCATALOG_COMPILER_GLOBAL_ACCENT_COLOR_NAME = AccentColor;
				CODE_SIGN_STYLE = Automatic;
				CURRENT_PROJECT_VERSION = 1;
				DEVELOPMENT_ASSET_PATHS = "\"TouchdownApp/Preview Content\"";
				ENABLE_PREVIEWS = YES;
				GENERATE_INFOPLIST_FILE = YES;
				INFOPLIST_FILE = TouchdownApp/Info.plist;
				INFOPLIST_KEY_UIApplicationSceneManifest_Generation = YES;
				INFOPLIST_KEY_UIApplicationSupportsIndirectInputEvents = YES;
				INFOPLIST_KEY_UISupportedInterfaceOrientations = UIInterfaceOrientationPortrait;
				INFOPLIST_KEY_UISupportedInterfaceOrientations_iPad = "UIInterfaceOrientationLandscapeLeft UIInterfaceOrientationLandscapeRight UIInterfaceOrientationPortrait UIInterfaceOrientationPortraitUpsideDown";
				INFOPLIST_KEY_UIUserInterfaceStyle = Light;
				LD_RUNPATH_SEARCH_PATHS = (
					"$(inherited)",
					"@executable_path/Frameworks",
				);
				MARKETING_VERSION = 1.0;
				PRODUCT_BUNDLE_IDENTIFIER = com.myTest.TouchdownApp;
				PRODUCT_NAME = "$(TARGET_NAME)";
				SWIFT_EMIT_LOC_STRINGS = YES;
				SWIFT_VERSION = 5.0;
				TARGETED_DEVICE_FAMILY = "1,2";
			};
			name = Debug;
		};
		1548AA7B29BFE5A500E9355E /* Release */ = {
			isa = XCBuildConfiguration;
			buildSettings = {
				ASSETCATALOG_COMPILER_APPICON_NAME = AppIcon;
				ASSETCATALOG_COMPILER_GLOBAL_ACCENT_COLOR_NAME = AccentColor;
				CODE_SIGN_STYLE = Automatic;
				CURRENT_PROJECT_VERSION = 1;
				DEVELOPMENT_ASSET_PATHS = "\"TouchdownApp/Preview Content\"";
				ENABLE_PREVIEWS = YES;
				GENERATE_INFOPLIST_FILE = YES;
				INFOPLIST_FILE = TouchdownApp/Info.plist;
				INFOPLIST_KEY_UIApplicationSceneManifest_Generation = YES;
				INFOPLIST_KEY_UIApplicationSupportsIndirectInputEvents = YES;
				INFOPLIST_KEY_UISupportedInterfaceOrientations = UIInterfaceOrientationPortrait;
				INFOPLIST_KEY_UISupportedInterfaceOrientations_iPad = "UIInterfaceOrientationLandscapeLeft UIInterfaceOrientationLandscapeRight UIInterfaceOrientationPortrait UIInterfaceOrientationPortraitUpsideDown";
				INFOPLIST_KEY_UIUserInterfaceStyle = Light;
				LD_RUNPATH_SEARCH_PATHS = (
					"$(inherited)",
					"@executable_path/Frameworks",
				);
				MARKETING_VERSION = 1.0;
				PRODUCT_BUNDLE_IDENTIFIER = com.myTest.TouchdownApp;
				PRODUCT_NAME = "$(TARGET_NAME)";
				SWIFT_EMIT_LOC_STRINGS = YES;
				SWIFT_VERSION = 5.0;
				TARGETED_DEVICE_FAMILY = "1,2";
			};
			name = Release;
		};
/* End XCBuildConfiguration section */

/* Begin XCConfigurationList section */
		1548AA6629BFE5A200E9355E /* Build configuration list for PBXProject "TouchdownApp" */ = {
			isa = XCConfigurationList;
			buildConfigurations = (
				1548AA7729BFE5A500E9355E /* Debug */,
				1548AA7829BFE5A500E9355E /* Release */,
			);
			defaultConfigurationIsVisible = 0;
			defaultConfigurationName = Release;
		};
		1548AA7929BFE5A500E9355E /* Build configuration list for PBXNativeTarget "TouchdownApp" */ = {
			isa = XCConfigurationList;
			buildConfigurations = (
				1548AA7A29BFE5A500E9355E /* Debug */,
				1548AA7B29BFE5A500E9355E /* Release */,
			);
			defaultConfigurationIsVisible = 0;
			defaultConfigurationName = Release;
		};
/* End XCConfigurationList section */
	};
	rootObject = 1548AA6329BFE5A200E9355E /* Project object */;
}
